
Microsoft Visual Studio Solution File, Format Version 12.00
# Visual Studio Version 16
VisualStudioVersion = 16.0.31129.286
MinimumVisualStudioVersion = 10.0.40219.1
Project("{9A19103F-16F7-4668-BE54-9A1E7A4F7556}") = "SimpleToggle.Core", "SimpleToggle.Core\SimpleToggle.Core.csproj", "{939588FD-8229-4F03-A0E0-FEA5056DEE46}"
EndProject
Project("{2150E333-8FDC-42A3-9474-1A3956D46DE8}") = "Solution Items", "Solution Items", "{A129FED4-2F73-4EEF-B6FF-FCD429A9C46E}"
	ProjectSection(SolutionItems) = preProject
		.editorconfig = .editorconfig
	EndProjectSection
EndProject
Project("{FAE04EC0-301F-11D3-BF4B-00C04F79EFBC}") = "SimpleToggle.Sources.AWS", "SimpleToggle.Sources.AWS\SimpleToggle.Sources.AWS.csproj", "{36B12276-7BDA-44E3-ACE4-A786BA162617}"
EndProject
Project("{2150E333-8FDC-42A3-9474-1A3956D46DE8}") = "tests", "tests", "{F6F3F4CD-0CE1-4940-8C1C-F5CE626F4076}"
EndProject
Project("{FAE04EC0-301F-11D3-BF4B-00C04F79EFBC}") = "SimpleToggle.Tests", "SimpleToggle.Core.Tests\SimpleToggle.Tests.csproj", "{0A03BDF9-A674-4249-9F6C-27AD118BB17D}"
EndProject
Project("{FAE04EC0-301F-11D3-BF4B-00C04F79EFBC}") = "SimpleToggle.Sources.Azure", "SimpleToggle.Sources.Azure\SimpleToggle.Sources.Azure.csproj", "{17FE3A2B-6CFD-447D-B48F-30D09F17F7D7}"
EndProject
Global
	GlobalSection(SolutionConfigurationPlatforms) = preSolution
		Debug|Any CPU = Debug|Any CPU
		Release|Any CPU = Release|Any CPU
	EndGlobalSection
	GlobalSection(ProjectConfigurationPlatforms) = postSolution
		{939588FD-8229-4F03-A0E0-FEA5056DEE46}.Debug|Any CPU.ActiveCfg = Debug|Any CPU
		{939588FD-8229-4F03-A0E0-FEA5056DEE46}.Debug|Any CPU.Build.0 = Debug|Any CPU
		{939588FD-8229-4F03-A0E0-FEA5056DEE46}.Release|Any CPU.ActiveCfg = Release|Any CPU
		{939588FD-8229-4F03-A0E0-FEA5056DEE46}.Release|Any CPU.Build.0 = Release|Any CPU
		{36B12276-7BDA-44E3-ACE4-A786BA162617}.Debug|Any CPU.ActiveCfg = Debug|Any CPU
		{36B12276-7BDA-44E3-ACE4-A786BA162617}.Debug|Any CPU.Build.0 = Debug|Any CPU
		{36B12276-7BDA-44E3-ACE4-A786BA162617}.Release|Any CPU.ActiveCfg = Release|Any CPU
		{36B12276-7BDA-44E3-ACE4-A786BA162617}.Release|Any CPU.Build.0 = Release|Any CPU
		{0A03BDF9-A674-4249-9F6C-27AD118BB17D}.Debug|Any CPU.ActiveCfg = Debug|Any CPU
		{0A03BDF9-A674-4249-9F6C-27AD118BB17D}.Debug|Any CPU.Build.0 = Debug|Any CPU
		{0A03BDF9-A674-4249-9F6C-27AD118BB17D}.Release|Any CPU.ActiveCfg = Release|Any CPU
		{0A03BDF9-A674-4249-9F6C-27AD118BB17D}.Release|Any CPU.Build.0 = Release|Any CPU
		{17FE3A2B-6CFD-447D-B48F-30D09F17F7D7}.Debug|Any CPU.ActiveCfg = Debug|Any CPU
		{17FE3A2B-6CFD-447D-B48F-30D09F17F7D7}.Debug|Any CPU.Build.0 = Debug|Any CPU
		{17FE3A2B-6CFD-447D-B48F-30D09F17F7D7}.Release|Any CPU.ActiveCfg = Release|Any CPU
		{17FE3A2B-6CFD-447D-B48F-30D09F17F7D7}.Release|Any CPU.Build.0 = Release|Any CPU
	EndGlobalSection
	GlobalSection(SolutionProperties) = preSolution
		HideSolutionNode = FALSE
	EndGlobalSection
	GlobalSection(ExtensibilityGlobals) = postSolution
		SolutionGuid = {5EC0C46D-FB94-4F0B-B8B3-9D87EA08EA9B}
	EndGlobalSection
	GlobalSection(NestedProjects) = preSolution
		{0A03BDF9-A674-4249-9F6C-27AD118BB17D} = {F6F3F4CD-0CE1-4940-8C1C-F5CE626F4076}
	EndGlobalSection
EndGlobal
